
Microsoft Visual Studio Solution File, Format Version 12.00
# Visual Studio Version 16
VisualStudioVersion = 16.0.29709.97
MinimumVisualStudioVersion = 10.0.40219.1
Project("{9A19103F-16F7-4668-BE54-9A1E7A4F7556}") = "ParkingService", "ParkingService\ParkingService.csproj", "{350F324A-221B-43D3-B501-FEC442B8970A}"
EndProject
Global
	GlobalSection(SolutionConfigurationPlatforms) = preSolution
		Debug|Any CPU = Debug|Any CPU
		Release|Any CPU = Release|Any CPU
	EndGlobalSection
	GlobalSection(ProjectConfigurationPlatforms) = postSolution
		{350F324A-221B-43D3-B501-FEC442B8970A}.Debug|Any CPU.ActiveCfg = Debug|Any CPU
		{350F324A-221B-43D3-B501-FEC442B8970A}.Debug|Any CPU.Build.0 = Debug|Any CPU
		{350F324A-221B-43D3-B501-FEC442B8970A}.Release|Any CPU.ActiveCfg = Release|Any CPU
		{350F324A-221B-43D3-B501-FEC442B8970A}.Release|Any CPU.Build.0 = Release|Any CPU
	EndGlobalSection
	GlobalSection(SolutionProperties) = preSolution
		HideSolutionNode = FALSE
	EndGlobalSection
	GlobalSection(ExtensibilityGlobals) = postSolution
		SolutionGuid = {C4C19313-F2F6-47F5-81D5-71ED5FF74408}
	EndGlobalSection
EndGlobal
