
Microsoft Visual Studio Solution File, Format Version 12.00
# Visual Studio Version 16
VisualStudioVersion = 16.0.29709.97
MinimumVisualStudioVersion = 10.0.40219.1
Project("{9A19103F-16F7-4668-BE54-9A1E7A4F7556}") = "Parking.Service", "Parking.Service\Parking.Service.csproj", "{350F324A-221B-43D3-B501-FEC442B8970A}"
EndProject
Project("{9A19103F-16F7-4668-BE54-9A1E7A4F7556}") = "Parking.Model", "Parking.Model\Parking.Model.csproj", "{D561CAFA-236F-43A7-9D85-EAE34FB69EC8}"
EndProject
Project("{9A19103F-16F7-4668-BE54-9A1E7A4F7556}") = "Parking.Data", "Parking.Data\Parking.Data.csproj", "{AE6525F7-C857-421B-B456-22D37EB4EEF6}"
EndProject
Project("{9A19103F-16F7-4668-BE54-9A1E7A4F7556}") = "Parking.Data.UnitTests", "Parking.Data.UnitTests\Parking.Data.UnitTests.csproj", "{F0FD8E0D-B85F-4B59-A56B-628C4A64FC1E}"
EndProject
Project("{9A19103F-16F7-4668-BE54-9A1E7A4F7556}") = "Parking.Business", "Parking.Business\Parking.Business.csproj", "{1397F3EF-B300-4BBE-8518-6D8DAAA38970}"
EndProject
Project("{9A19103F-16F7-4668-BE54-9A1E7A4F7556}") = "Parking.Business.UnitTests", "Parking.Business.UnitTests\Parking.Business.UnitTests.csproj", "{91C28322-C932-4EAE-96CF-A9C7F6E4DDE7}"
EndProject
Project("{9A19103F-16F7-4668-BE54-9A1E7A4F7556}") = "Parking.Api", "Parking.Api\Parking.Api.csproj", "{962FB90D-C250-44ED-9C55-5AC34BC2477A}"
EndProject
Project("{9A19103F-16F7-4668-BE54-9A1E7A4F7556}") = "Parking.Api.UnitTests", "Parking.Api.UnitTests\Parking.Api.UnitTests.csproj", "{3D90D54E-C2C1-4BCE-8F58-A16459563BC9}"
EndProject
Project("{9A19103F-16F7-4668-BE54-9A1E7A4F7556}") = "Parking.TestHelpers", "Parking.TestHelpers\Parking.TestHelpers.csproj", "{C13D6CB2-4E75-4128-98C8-0A63F59AA42B}"
EndProject
Project("{9A19103F-16F7-4668-BE54-9A1E7A4F7556}") = "Parking.Api.IntegrationTests", "Parking.Api.IntegrationTests\Parking.Api.IntegrationTests.csproj", "{F269FA77-49E4-4120-82AC-C8AE9AE78FDA}"
EndProject
Project("{9A19103F-16F7-4668-BE54-9A1E7A4F7556}") = "Parking.Service.IntegrationTests", "Parking.Service.IntegrationTests\Parking.Service.IntegrationTests.csproj", "{2BF32A59-2347-4452-A641-6E8A24A30D0D}"
EndProject
Global
	GlobalSection(SolutionConfigurationPlatforms) = preSolution
		Debug|Any CPU = Debug|Any CPU
		Release|Any CPU = Release|Any CPU
	EndGlobalSection
	GlobalSection(ProjectConfigurationPlatforms) = postSolution
		{350F324A-221B-43D3-B501-FEC442B8970A}.Debug|Any CPU.ActiveCfg = Debug|Any CPU
		{350F324A-221B-43D3-B501-FEC442B8970A}.Debug|Any CPU.Build.0 = Debug|Any CPU
		{350F324A-221B-43D3-B501-FEC442B8970A}.Release|Any CPU.ActiveCfg = Release|Any CPU
		{350F324A-221B-43D3-B501-FEC442B8970A}.Release|Any CPU.Build.0 = Release|Any CPU
		{D561CAFA-236F-43A7-9D85-EAE34FB69EC8}.Debug|Any CPU.ActiveCfg = Debug|Any CPU
		{D561CAFA-236F-43A7-9D85-EAE34FB69EC8}.Debug|Any CPU.Build.0 = Debug|Any CPU
		{D561CAFA-236F-43A7-9D85-EAE34FB69EC8}.Release|Any CPU.ActiveCfg = Release|Any CPU
		{D561CAFA-236F-43A7-9D85-EAE34FB69EC8}.Release|Any CPU.Build.0 = Release|Any CPU
		{AE6525F7-C857-421B-B456-22D37EB4EEF6}.Debug|Any CPU.ActiveCfg = Debug|Any CPU
		{AE6525F7-C857-421B-B456-22D37EB4EEF6}.Debug|Any CPU.Build.0 = Debug|Any CPU
		{AE6525F7-C857-421B-B456-22D37EB4EEF6}.Release|Any CPU.ActiveCfg = Release|Any CPU
		{AE6525F7-C857-421B-B456-22D37EB4EEF6}.Release|Any CPU.Build.0 = Release|Any CPU
		{F0FD8E0D-B85F-4B59-A56B-628C4A64FC1E}.Debug|Any CPU.ActiveCfg = Debug|Any CPU
		{F0FD8E0D-B85F-4B59-A56B-628C4A64FC1E}.Debug|Any CPU.Build.0 = Debug|Any CPU
		{F0FD8E0D-B85F-4B59-A56B-628C4A64FC1E}.Release|Any CPU.ActiveCfg = Release|Any CPU
		{F0FD8E0D-B85F-4B59-A56B-628C4A64FC1E}.Release|Any CPU.Build.0 = Release|Any CPU
		{1397F3EF-B300-4BBE-8518-6D8DAAA38970}.Debug|Any CPU.ActiveCfg = Debug|Any CPU
		{1397F3EF-B300-4BBE-8518-6D8DAAA38970}.Debug|Any CPU.Build.0 = Debug|Any CPU
		{1397F3EF-B300-4BBE-8518-6D8DAAA38970}.Release|Any CPU.ActiveCfg = Release|Any CPU
		{1397F3EF-B300-4BBE-8518-6D8DAAA38970}.Release|Any CPU.Build.0 = Release|Any CPU
		{91C28322-C932-4EAE-96CF-A9C7F6E4DDE7}.Debug|Any CPU.ActiveCfg = Debug|Any CPU
		{91C28322-C932-4EAE-96CF-A9C7F6E4DDE7}.Debug|Any CPU.Build.0 = Debug|Any CPU
		{91C28322-C932-4EAE-96CF-A9C7F6E4DDE7}.Release|Any CPU.ActiveCfg = Release|Any CPU
		{91C28322-C932-4EAE-96CF-A9C7F6E4DDE7}.Release|Any CPU.Build.0 = Release|Any CPU
		{962FB90D-C250-44ED-9C55-5AC34BC2477A}.Debug|Any CPU.ActiveCfg = Debug|Any CPU
		{962FB90D-C250-44ED-9C55-5AC34BC2477A}.Debug|Any CPU.Build.0 = Debug|Any CPU
		{962FB90D-C250-44ED-9C55-5AC34BC2477A}.Release|Any CPU.ActiveCfg = Release|Any CPU
		{962FB90D-C250-44ED-9C55-5AC34BC2477A}.Release|Any CPU.Build.0 = Release|Any CPU
		{3D90D54E-C2C1-4BCE-8F58-A16459563BC9}.Debug|Any CPU.ActiveCfg = Debug|Any CPU
		{3D90D54E-C2C1-4BCE-8F58-A16459563BC9}.Debug|Any CPU.Build.0 = Debug|Any CPU
		{3D90D54E-C2C1-4BCE-8F58-A16459563BC9}.Release|Any CPU.ActiveCfg = Release|Any CPU
		{3D90D54E-C2C1-4BCE-8F58-A16459563BC9}.Release|Any CPU.Build.0 = Release|Any CPU
		{C13D6CB2-4E75-4128-98C8-0A63F59AA42B}.Debug|Any CPU.ActiveCfg = Debug|Any CPU
		{C13D6CB2-4E75-4128-98C8-0A63F59AA42B}.Debug|Any CPU.Build.0 = Debug|Any CPU
		{C13D6CB2-4E75-4128-98C8-0A63F59AA42B}.Release|Any CPU.ActiveCfg = Release|Any CPU
		{C13D6CB2-4E75-4128-98C8-0A63F59AA42B}.Release|Any CPU.Build.0 = Release|Any CPU
		{F269FA77-49E4-4120-82AC-C8AE9AE78FDA}.Debug|Any CPU.ActiveCfg = Debug|Any CPU
		{F269FA77-49E4-4120-82AC-C8AE9AE78FDA}.Debug|Any CPU.Build.0 = Debug|Any CPU
		{F269FA77-49E4-4120-82AC-C8AE9AE78FDA}.Release|Any CPU.ActiveCfg = Release|Any CPU
		{F269FA77-49E4-4120-82AC-C8AE9AE78FDA}.Release|Any CPU.Build.0 = Release|Any CPU
		{2BF32A59-2347-4452-A641-6E8A24A30D0D}.Debug|Any CPU.ActiveCfg = Debug|Any CPU
		{2BF32A59-2347-4452-A641-6E8A24A30D0D}.Debug|Any CPU.Build.0 = Debug|Any CPU
		{2BF32A59-2347-4452-A641-6E8A24A30D0D}.Release|Any CPU.ActiveCfg = Release|Any CPU
		{2BF32A59-2347-4452-A641-6E8A24A30D0D}.Release|Any CPU.Build.0 = Release|Any CPU
	EndGlobalSection
	GlobalSection(SolutionProperties) = preSolution
		HideSolutionNode = FALSE
	EndGlobalSection
	GlobalSection(ExtensibilityGlobals) = postSolution
		SolutionGuid = {C4C19313-F2F6-47F5-81D5-71ED5FF74408}
	EndGlobalSection
EndGlobal
